
Microsoft Visual Studio Solution File, Format Version 12.00
# Visual Studio Version 16
VisualStudioVersion = 16.0.28803.352
MinimumVisualStudioVersion = 10.0.40219.1
Project("{8BC9CEB8-8B4A-11D0-8D11-00A0C91BC942}") = "huffman_decoding_encoding", "huffman_decoding_encoding\huffman_decoding_encoding.vcxproj", "{27366D7B-FA14-4E90-BC5E-A18C4A32EA97}"
EndProject
Project("{2150E333-8FDC-42A3-9474-1A3956D46DE8}") = "Solution Items", "Solution Items", "{24283AE1-5661-40EE-92D4-EA66F4174EEF}"
	ProjectSection(SolutionItems) = preProject
		..\..\..\OneDrive\Desktop\Text.txt = ..\..\..\OneDrive\Desktop\Text.txt
	EndProjectSection
EndProject
Global
	GlobalSection(SolutionConfigurationPlatforms) = preSolution
		Debug|x64 = Debug|x64
		Debug|x86 = Debug|x86
		Release|x64 = Release|x64
		Release|x86 = Release|x86
	EndGlobalSection
	GlobalSection(ProjectConfigurationPlatforms) = postSolution
		{27366D7B-FA14-4E90-BC5E-A18C4A32EA97}.Debug|x64.ActiveCfg = Debug|x64
		{27366D7B-FA14-4E90-BC5E-A18C4A32EA97}.Debug|x64.Build.0 = Debug|x64
		{27366D7B-FA14-4E90-BC5E-A18C4A32EA97}.Debug|x86.ActiveCfg = Debug|Win32
		{27366D7B-FA14-4E90-BC5E-A18C4A32EA97}.Debug|x86.Build.0 = Debug|Win32
		{27366D7B-FA14-4E90-BC5E-A18C4A32EA97}.Release|x64.ActiveCfg = Release|x64
		{27366D7B-FA14-4E90-BC5E-A18C4A32EA97}.Release|x64.Build.0 = Release|x64
		{27366D7B-FA14-4E90-BC5E-A18C4A32EA97}.Release|x86.ActiveCfg = Release|Win32
		{27366D7B-FA14-4E90-BC5E-A18C4A32EA97}.Release|x86.Build.0 = Release|Win32
	EndGlobalSection
	GlobalSection(SolutionProperties) = preSolution
		HideSolutionNode = FALSE
	EndGlobalSection
	GlobalSection(ExtensibilityGlobals) = postSolution
		SolutionGuid = {28EDB96E-0398-4ADA-8D44-7E65C9509F40}
	EndGlobalSection
EndGlobal
